
Microsoft Visual Studio Solution File, Format Version 12.00
# Visual Studio Version 17
VisualStudioVersion = 17.14.36301.6
MinimumVisualStudioVersion = 10.0.40219.1
Project("{FAE04EC0-301F-11D3-BF4B-00C04F79EFBC}") = "Freezium", "Freezium\Freezium.csproj", "{7C3747B9-B36C-4749-A964-402A97F07AC4}"
EndProject
Global
	GlobalSection(SolutionConfigurationPlatforms) = preSolution
		Debug|Any CPU = Debug|Any CPU
		Release|Any CPU = Release|Any CPU
	EndGlobalSection
	GlobalSection(ProjectConfigurationPlatforms) = postSolution
		{7C3747B9-B36C-4749-A964-402A97F07AC4}.Debug|Any CPU.ActiveCfg = Debug|Any CPU
		{7C3747B9-B36C-4749-A964-402A97F07AC4}.Debug|Any CPU.Build.0 = Debug|Any CPU
		{7C3747B9-B36C-4749-A964-402A97F07AC4}.Release|Any CPU.ActiveCfg = Release|Any CPU
		{7C3747B9-B36C-4749-A964-402A97F07AC4}.Release|Any CPU.Build.0 = Release|Any CPU
		{C0F50536-3B86-4277-A58F-A6E8539ADC3D}.Debug|Any CPU.ActiveCfg = Debug|Any CPU
		{C0F50536-3B86-4277-A58F-A6E8539ADC3D}.Debug|Any CPU.Build.0 = Debug|Any CPU
		{C0F50536-3B86-4277-A58F-A6E8539ADC3D}.Release|Any CPU.ActiveCfg = Release|Any CPU
		{C0F50536-3B86-4277-A58F-A6E8539ADC3D}.Release|Any CPU.Build.0 = Release|Any CPU
	EndGlobalSection
	GlobalSection(SolutionProperties) = preSolution
		HideSolutionNode = FALSE
	EndGlobalSection
	GlobalSection(ExtensibilityGlobals) = postSolution
		SolutionGuid = {EA1100EE-50CA-4965-B44A-846DF3FD2A7C}
	EndGlobalSection
EndGlobal
